
Microsoft Visual Studio Solution File, Format Version 12.00
# Visual Studio Version 17
VisualStudioVersion = 17.7.34031.279
MinimumVisualStudioVersion = 10.0.40219.1
Project("{FAE04EC0-301F-11D3-BF4B-00C04F79EFBC}") = "dmunnoz", "dmunnoz.csproj", "{CA57933C-C8D5-4938-AD22-8B7264545001}"
EndProject
Global
	GlobalSection(SolutionConfigurationPlatforms) = preSolution
		Debug|Any CPU = Debug|Any CPU
		Release|Any CPU = Release|Any CPU
	EndGlobalSection
	GlobalSection(ProjectConfigurationPlatforms) = postSolution
		{CA57933C-C8D5-4938-AD22-8B7264545001}.Debug|Any CPU.ActiveCfg = Debug|Any CPU
		{CA57933C-C8D5-4938-AD22-8B7264545001}.Debug|Any CPU.Build.0 = Debug|Any CPU
		{CA57933C-C8D5-4938-AD22-8B7264545001}.Release|Any CPU.ActiveCfg = Release|Any CPU
		{CA57933C-C8D5-4938-AD22-8B7264545001}.Release|Any CPU.Build.0 = Release|Any CPU
	EndGlobalSection
	GlobalSection(SolutionProperties) = preSolution
		HideSolutionNode = FALSE
	EndGlobalSection
	GlobalSection(ExtensibilityGlobals) = postSolution
		SolutionGuid = {DFB8926C-70A8-48C3-B049-0E7CA62CF993}
	EndGlobalSection
EndGlobal
